// !$*UTF8*$!
{
	archiveVersion = 1;
	classes = {
	};
	objectVersion = 50;
	objects = {

/* Begin PBXBuildFile section */
		224FCA2E25190D0500CC4EE4 /* Sky.storyboard in Resources */ = {isa = PBXBuildFile; fileRef = 224FCA2D25190D0500CC4EE4 /* Sky.storyboard */; };
		224FCA3525190D8600CC4EE4 /* Setting.storyboard in Resources */ = {isa = PBXBuildFile; fileRef = 224FCA3425190D8600CC4EE4 /* Setting.storyboard */; };
		224FCA3925190E1E00CC4EE4 /* TabBarController.swift in Sources */ = {isa = PBXBuildFile; fileRef = 224FCA3825190E1E00CC4EE4 /* TabBarController.swift */; };
		224FCA3D25190E5900CC4EE4 /* SettingViewController.swift in Sources */ = {isa = PBXBuildFile; fileRef = 224FCA3C25190E5900CC4EE4 /* SettingViewController.swift */; };
		2271B2942500240F00DCB915 /* SunPositionManager.swift in Sources */ = {isa = PBXBuildFile; fileRef = 2271B2932500240F00DCB915 /* SunPositionManager.swift */; };
		2278250A250143260000794E /* CurrentData.swift in Sources */ = {isa = PBXBuildFile; fileRef = 22782509250143260000794E /* CurrentData.swift */; };
		22793BA524F81C2800BEBF8E /* AppDelegate.swift in Sources */ = {isa = PBXBuildFile; fileRef = 22793BA424F81C2800BEBF8E /* AppDelegate.swift */; };
		22793BA724F81C2800BEBF8E /* SceneDelegate.swift in Sources */ = {isa = PBXBuildFile; fileRef = 22793BA624F81C2800BEBF8E /* SceneDelegate.swift */; };
		22793BA924F81C2800BEBF8E /* SkyViewController.swift in Sources */ = {isa = PBXBuildFile; fileRef = 22793BA824F81C2800BEBF8E /* SkyViewController.swift */; };
		22793BAC24F81C2800BEBF8E /* Main.storyboard in Resources */ = {isa = PBXBuildFile; fileRef = 22793BAA24F81C2800BEBF8E /* Main.storyboard */; };
		22793BAE24F81C2C00BEBF8E /* Assets.xcassets in Resources */ = {isa = PBXBuildFile; fileRef = 22793BAD24F81C2C00BEBF8E /* Assets.xcassets */; };
		22793BB124F81C2C00BEBF8E /* LaunchScreen.storyboard in Resources */ = {isa = PBXBuildFile; fileRef = 22793BAF24F81C2C00BEBF8E /* LaunchScreen.storyboard */; };
		227A7FC0252A189600C523BD /* WaveView.swift in Sources */ = {isa = PBXBuildFile; fileRef = 227A7FBF252A189600C523BD /* WaveView.swift */; };
		227A7FC3252A18AC00C523BD /* PulseAnimation.swift in Sources */ = {isa = PBXBuildFile; fileRef = 227A7FC2252A18AC00C523BD /* PulseAnimation.swift */; };
		22BF85EB25110946001E03E5 /* ScrollViewPage1.swift in Sources */ = {isa = PBXBuildFile; fileRef = 22BF85EA25110946001E03E5 /* ScrollViewPage1.swift */; };
		22BF85ED25110958001E03E5 /* ScrollViewPage2.swift in Sources */ = {isa = PBXBuildFile; fileRef = 22BF85EC25110958001E03E5 /* ScrollViewPage2.swift */; };
		22BF85EF2511096B001E03E5 /* ScrollViewPage1.xib in Resources */ = {isa = PBXBuildFile; fileRef = 22BF85EE2511096B001E03E5 /* ScrollViewPage1.xib */; };
		22BF85F125110977001E03E5 /* ScrollViewPage2.xib in Resources */ = {isa = PBXBuildFile; fileRef = 22BF85F025110977001E03E5 /* ScrollViewPage2.xib */; };
		22BFA2A32523890D00923D6C /* Notify.storyboard in Resources */ = {isa = PBXBuildFile; fileRef = 22BFA2A22523890D00923D6C /* Notify.storyboard */; };
		22BFA2A7252389C100923D6C /* NotifyViewController.swift in Sources */ = {isa = PBXBuildFile; fileRef = 22BFA2A6252389C100923D6C /* NotifyViewController.swift */; };
		22C5D01B25090A350077F7E2 /* LocationManager.swift in Sources */ = {isa = PBXBuildFile; fileRef = 22C5D01A25090A350077F7E2 /* LocationManager.swift */; };
		22C5D01D25091BC10077F7E2 /* TimerManager.swift in Sources */ = {isa = PBXBuildFile; fileRef = 22C5D01C25091BC10077F7E2 /* TimerManager.swift */; };
		22D49705252B238B008C269C /* NotifyTableViewController.swift in Sources */ = {isa = PBXBuildFile; fileRef = 22D49704252B238B008C269C /* NotifyTableViewController.swift */; };
		22E4FD4424FE83C200C845E1 /* SunPositionModel.swift in Sources */ = {isa = PBXBuildFile; fileRef = 22E4FD4324FE83C200C845E1 /* SunPositionModel.swift */; };
		22E4FD4624FE884F00C845E1 /* Constants.swift in Sources */ = {isa = PBXBuildFile; fileRef = 22E4FD4524FE884F00C845E1 /* Constants.swift */; };
		22E4FD4824FE8D3600C845E1 /* SunPositionConstants.swift in Sources */ = {isa = PBXBuildFile; fileRef = 22E4FD4724FE8D3600C845E1 /* SunPositionConstants.swift */; };
/* End PBXBuildFile section */

/* Begin PBXFileReference section */
		224FCA2D25190D0500CC4EE4 /* Sky.storyboard */ = {isa = PBXFileReference; lastKnownFileType = file.storyboard; path = Sky.storyboard; sourceTree = "<group>"; };
		224FCA3425190D8600CC4EE4 /* Setting.storyboard */ = {isa = PBXFileReference; lastKnownFileType = file.storyboard; path = Setting.storyboard; sourceTree = "<group>"; };
		224FCA3825190E1E00CC4EE4 /* TabBarController.swift */ = {isa = PBXFileReference; lastKnownFileType = sourcecode.swift; path = TabBarController.swift; sourceTree = "<group>"; };
		224FCA3C25190E5900CC4EE4 /* SettingViewController.swift */ = {isa = PBXFileReference; lastKnownFileType = sourcecode.swift; path = SettingViewController.swift; sourceTree = "<group>"; };
		2271B2932500240F00DCB915 /* SunPositionManager.swift */ = {isa = PBXFileReference; lastKnownFileType = sourcecode.swift; path = SunPositionManager.swift; sourceTree = "<group>"; };
		22782509250143260000794E /* CurrentData.swift */ = {isa = PBXFileReference; lastKnownFileType = sourcecode.swift; path = CurrentData.swift; sourceTree = "<group>"; };
		22793BA124F81C2800BEBF8E /* Golden Hour.app */ = {isa = PBXFileReference; explicitFileType = wrapper.application; includeInIndex = 0; path = "Golden Hour.app"; sourceTree = BUILT_PRODUCTS_DIR; };
		22793BA424F81C2800BEBF8E /* AppDelegate.swift */ = {isa = PBXFileReference; lastKnownFileType = sourcecode.swift; path = AppDelegate.swift; sourceTree = "<group>"; };
		22793BA624F81C2800BEBF8E /* SceneDelegate.swift */ = {isa = PBXFileReference; lastKnownFileType = sourcecode.swift; path = SceneDelegate.swift; sourceTree = "<group>"; };
		22793BA824F81C2800BEBF8E /* SkyViewController.swift */ = {isa = PBXFileReference; lastKnownFileType = sourcecode.swift; path = SkyViewController.swift; sourceTree = "<group>"; };
		22793BAB24F81C2800BEBF8E /* Base */ = {isa = PBXFileReference; lastKnownFileType = file.storyboard; name = Base; path = Base.lproj/Main.storyboard; sourceTree = "<group>"; };
		22793BAD24F81C2C00BEBF8E /* Assets.xcassets */ = {isa = PBXFileReference; lastKnownFileType = folder.assetcatalog; path = Assets.xcassets; sourceTree = "<group>"; };
		22793BB024F81C2C00BEBF8E /* Base */ = {isa = PBXFileReference; lastKnownFileType = file.storyboard; name = Base; path = Base.lproj/LaunchScreen.storyboard; sourceTree = "<group>"; };
		22793BB224F81C2C00BEBF8E /* Info.plist */ = {isa = PBXFileReference; lastKnownFileType = text.plist.xml; path = Info.plist; sourceTree = "<group>"; };
		227A7FBF252A189600C523BD /* WaveView.swift */ = {isa = PBXFileReference; lastKnownFileType = sourcecode.swift; path = WaveView.swift; sourceTree = "<group>"; };
		227A7FC2252A18AC00C523BD /* PulseAnimation.swift */ = {isa = PBXFileReference; lastKnownFileType = sourcecode.swift; path = PulseAnimation.swift; sourceTree = "<group>"; };
		22BF85EA25110946001E03E5 /* ScrollViewPage1.swift */ = {isa = PBXFileReference; lastKnownFileType = sourcecode.swift; path = ScrollViewPage1.swift; sourceTree = "<group>"; };
		22BF85EC25110958001E03E5 /* ScrollViewPage2.swift */ = {isa = PBXFileReference; lastKnownFileType = sourcecode.swift; path = ScrollViewPage2.swift; sourceTree = "<group>"; };
		22BF85EE2511096B001E03E5 /* ScrollViewPage1.xib */ = {isa = PBXFileReference; lastKnownFileType = file.xib; path = ScrollViewPage1.xib; sourceTree = "<group>"; };
		22BF85F025110977001E03E5 /* ScrollViewPage2.xib */ = {isa = PBXFileReference; lastKnownFileType = file.xib; path = ScrollViewPage2.xib; sourceTree = "<group>"; };
		22BFA2A22523890D00923D6C /* Notify.storyboard */ = {isa = PBXFileReference; lastKnownFileType = file.storyboard; path = Notify.storyboard; sourceTree = "<group>"; };
		22BFA2A6252389C100923D6C /* NotifyViewController.swift */ = {isa = PBXFileReference; lastKnownFileType = sourcecode.swift; path = NotifyViewController.swift; sourceTree = "<group>"; };
		22C5D01A25090A350077F7E2 /* LocationManager.swift */ = {isa = PBXFileReference; lastKnownFileType = sourcecode.swift; path = LocationManager.swift; sourceTree = "<group>"; };
		22C5D01C25091BC10077F7E2 /* TimerManager.swift */ = {isa = PBXFileReference; lastKnownFileType = sourcecode.swift; path = TimerManager.swift; sourceTree = "<group>"; };
		22D49704252B238B008C269C /* NotifyTableViewController.swift */ = {isa = PBXFileReference; lastKnownFileType = sourcecode.swift; path = NotifyTableViewController.swift; sourceTree = "<group>"; };
		22E4FD4324FE83C200C845E1 /* SunPositionModel.swift */ = {isa = PBXFileReference; lastKnownFileType = sourcecode.swift; path = SunPositionModel.swift; sourceTree = "<group>"; };
		22E4FD4524FE884F00C845E1 /* Constants.swift */ = {isa = PBXFileReference; lastKnownFileType = sourcecode.swift; path = Constants.swift; sourceTree = "<group>"; };
		22E4FD4724FE8D3600C845E1 /* SunPositionConstants.swift */ = {isa = PBXFileReference; lastKnownFileType = sourcecode.swift; path = SunPositionConstants.swift; sourceTree = "<group>"; };
/* End PBXFileReference section */

/* Begin PBXFrameworksBuildPhase section */
		22793B9E24F81C2800BEBF8E /* Frameworks */ = {
			isa = PBXFrameworksBuildPhase;
			buildActionMask = 2147483647;
			files = (
			);
			runOnlyForDeploymentPostprocessing = 0;
		};
/* End PBXFrameworksBuildPhase section */

/* Begin PBXGroup section */
		222ED47D24F8519B007D7E8D /* Controller */ = {
			isa = PBXGroup;
			children = (
				224FCA3825190E1E00CC4EE4 /* TabBarController.swift */,
				22793BA824F81C2800BEBF8E /* SkyViewController.swift */,
				22BFA2A6252389C100923D6C /* NotifyViewController.swift */,
				22D49704252B238B008C269C /* NotifyTableViewController.swift */,
				224FCA3C25190E5900CC4EE4 /* SettingViewController.swift */,
				22BF85EA25110946001E03E5 /* ScrollViewPage1.swift */,
				22BF85EC25110958001E03E5 /* ScrollViewPage2.swift */,
			);
			path = Controller;
			sourceTree = "<group>";
		};
		222ED47E24F851B5007D7E8D /* Model */ = {
			isa = PBXGroup;
			children = (
				22782509250143260000794E /* CurrentData.swift */,
				22E4FD4724FE8D3600C845E1 /* SunPositionConstants.swift */,
				22E4FD4324FE83C200C845E1 /* SunPositionModel.swift */,
				2271B2932500240F00DCB915 /* SunPositionManager.swift */,
				22C5D01A25090A350077F7E2 /* LocationManager.swift */,
				22C5D01C25091BC10077F7E2 /* TimerManager.swift */,
				227A7FBF252A189600C523BD /* WaveView.swift */,
				227A7FC2252A18AC00C523BD /* PulseAnimation.swift */,
			);
			path = Model;
			sourceTree = "<group>";
		};
		222ED47F24F851BE007D7E8D /* View */ = {
			isa = PBXGroup;
			children = (
				22793BAA24F81C2800BEBF8E /* Main.storyboard */,
				224FCA2D25190D0500CC4EE4 /* Sky.storyboard */,
				22BFA2A22523890D00923D6C /* Notify.storyboard */,
				224FCA3425190D8600CC4EE4 /* Setting.storyboard */,
				22BF85EE2511096B001E03E5 /* ScrollViewPage1.xib */,
				22BF85F025110977001E03E5 /* ScrollViewPage2.xib */,
			);
			path = View;
			sourceTree = "<group>";
		};
		22793B9824F81C2800BEBF8E = {
			isa = PBXGroup;
			children = (
				22793BA324F81C2800BEBF8E /* Golden Hour */,
				22793BA224F81C2800BEBF8E /* Products */,
			);
			sourceTree = "<group>";
		};
		22793BA224F81C2800BEBF8E /* Products */ = {
			isa = PBXGroup;
			children = (
				22793BA124F81C2800BEBF8E /* Golden Hour.app */,
			);
			name = Products;
			sourceTree = "<group>";
		};
		22793BA324F81C2800BEBF8E /* Golden Hour */ = {
			isa = PBXGroup;
			children = (
				22793BA424F81C2800BEBF8E /* AppDelegate.swift */,
				22793BA624F81C2800BEBF8E /* SceneDelegate.swift */,
				222ED47E24F851B5007D7E8D /* Model */,
				222ED47D24F8519B007D7E8D /* Controller */,
				222ED47F24F851BE007D7E8D /* View */,
				22793BAD24F81C2C00BEBF8E /* Assets.xcassets */,
				22793BAF24F81C2C00BEBF8E /* LaunchScreen.storyboard */,
				22793BB224F81C2C00BEBF8E /* Info.plist */,
				22E4FD4524FE884F00C845E1 /* Constants.swift */,
			);
			path = "Golden Hour";
			sourceTree = "<group>";
		};
/* End PBXGroup section */

/* Begin PBXNativeTarget section */
		22793BA024F81C2800BEBF8E /* Golden Hour */ = {
			isa = PBXNativeTarget;
			buildConfigurationList = 22793BB524F81C2C00BEBF8E /* Build configuration list for PBXNativeTarget "Golden Hour" */;
			buildPhases = (
				22793B9D24F81C2800BEBF8E /* Sources */,
				22793B9E24F81C2800BEBF8E /* Frameworks */,
				22793B9F24F81C2800BEBF8E /* Resources */,
			);
			buildRules = (
			);
			dependencies = (
			);
			name = "Golden Hour";
			productName = "Golden Hour";
			productReference = 22793BA124F81C2800BEBF8E /* Golden Hour.app */;
			productType = "com.apple.product-type.application";
		};
/* End PBXNativeTarget section */

/* Begin PBXProject section */
		22793B9924F81C2800BEBF8E /* Project object */ = {
			isa = PBXProject;
			attributes = {
				LastSwiftUpdateCheck = 1160;
				LastUpgradeCheck = 1160;
				ORGANIZATIONNAME = Sam;
				TargetAttributes = {
					22793BA024F81C2800BEBF8E = {
						CreatedOnToolsVersion = 11.6;
					};
				};
			};
			buildConfigurationList = 22793B9C24F81C2800BEBF8E /* Build configuration list for PBXProject "Golden Hour" */;
			compatibilityVersion = "Xcode 9.3";
			developmentRegion = en;
			hasScannedForEncodings = 0;
			knownRegions = (
				en,
				Base,
			);
			mainGroup = 22793B9824F81C2800BEBF8E;
			productRefGroup = 22793BA224F81C2800BEBF8E /* Products */;
			projectDirPath = "";
			projectRoot = "";
			targets = (
				22793BA024F81C2800BEBF8E /* Golden Hour */,
			);
		};
/* End PBXProject section */

/* Begin PBXResourcesBuildPhase section */
		22793B9F24F81C2800BEBF8E /* Resources */ = {
			isa = PBXResourcesBuildPhase;
			buildActionMask = 2147483647;
			files = (
				22BF85EF2511096B001E03E5 /* ScrollViewPage1.xib in Resources */,
				22793BB124F81C2C00BEBF8E /* LaunchScreen.storyboard in Resources */,
				22BFA2A32523890D00923D6C /* Notify.storyboard in Resources */,
				224FCA2E25190D0500CC4EE4 /* Sky.storyboard in Resources */,
				22793BAE24F81C2C00BEBF8E /* Assets.xcassets in Resources */,
				22BF85F125110977001E03E5 /* ScrollViewPage2.xib in Resources */,
				22793BAC24F81C2800BEBF8E /* Main.storyboard in Resources */,
				224FCA3525190D8600CC4EE4 /* Setting.storyboard in Resources */,
			);
			runOnlyForDeploymentPostprocessing = 0;
		};
/* End PBXResourcesBuildPhase section */

/* Begin PBXSourcesBuildPhase section */
		22793B9D24F81C2800BEBF8E /* Sources */ = {
			isa = PBXSourcesBuildPhase;
			buildActionMask = 2147483647;
			files = (
				22BF85EB25110946001E03E5 /* ScrollViewPage1.swift in Sources */,
				22E4FD4424FE83C200C845E1 /* SunPositionModel.swift in Sources */,
				22D49705252B238B008C269C /* NotifyTableViewController.swift in Sources */,
				2271B2942500240F00DCB915 /* SunPositionManager.swift in Sources */,
				22C5D01D25091BC10077F7E2 /* TimerManager.swift in Sources */,
				22C5D01B25090A350077F7E2 /* LocationManager.swift in Sources */,
				224FCA3D25190E5900CC4EE4 /* SettingViewController.swift in Sources */,
				22793BA924F81C2800BEBF8E /* SkyViewController.swift in Sources */,
				227A7FC0252A189600C523BD /* WaveView.swift in Sources */,
				22793BA524F81C2800BEBF8E /* AppDelegate.swift in Sources */,
				22BF85ED25110958001E03E5 /* ScrollViewPage2.swift in Sources */,
				2278250A250143260000794E /* CurrentData.swift in Sources */,
				22793BA724F81C2800BEBF8E /* SceneDelegate.swift in Sources */,
				224FCA3925190E1E00CC4EE4 /* TabBarController.swift in Sources */,
				22BFA2A7252389C100923D6C /* NotifyViewController.swift in Sources */,
				22E4FD4624FE884F00C845E1 /* Constants.swift in Sources */,
				227A7FC3252A18AC00C523BD /* PulseAnimation.swift in Sources */,
				22E4FD4824FE8D3600C845E1 /* SunPositionConstants.swift in Sources */,
			);
			runOnlyForDeploymentPostprocessing = 0;
		};
/* End PBXSourcesBuildPhase section */

/* Begin PBXVariantGroup section */
		22793BAA24F81C2800BEBF8E /* Main.storyboard */ = {
			isa = PBXVariantGroup;
			children = (
				22793BAB24F81C2800BEBF8E /* Base */,
			);
			name = Main.storyboard;
			sourceTree = "<group>";
		};
		22793BAF24F81C2C00BEBF8E /* LaunchScreen.storyboard */ = {
			isa = PBXVariantGroup;
			children = (
				22793BB024F81C2C00BEBF8E /* Base */,
			);
			name = LaunchScreen.storyboard;
			sourceTree = "<group>";
		};
/* End PBXVariantGroup section */

/* Begin XCBuildConfiguration section */
		22793BB324F81C2C00BEBF8E /* Debug */ = {
			isa = XCBuildConfiguration;
			buildSettings = {
				ALWAYS_SEARCH_USER_PATHS = NO;
				CLANG_ANALYZER_NONNULL = YES;
				CLANG_ANALYZER_NUMBER_OBJECT_CONVERSION = YES_AGGRESSIVE;
				CLANG_CXX_LANGUAGE_STANDARD = "gnu++14";
				CLANG_CXX_LIBRARY = "libc++";
				CLANG_ENABLE_MODULES = YES;
				CLANG_ENABLE_OBJC_ARC = YES;
				CLANG_ENABLE_OBJC_WEAK = YES;
				CLANG_WARN_BLOCK_CAPTURE_AUTORELEASING = YES;
				CLANG_WARN_BOOL_CONVERSION = YES;
				CLANG_WARN_COMMA = YES;
				CLANG_WARN_CONSTANT_CONVERSION = YES;
				CLANG_WARN_DEPRECATED_OBJC_IMPLEMENTATIONS = YES;
				CLANG_WARN_DIRECT_OBJC_ISA_USAGE = YES_ERROR;
				CLANG_WARN_DOCUMENTATION_COMMENTS = YES;
				CLANG_WARN_EMPTY_BODY = YES;
				CLANG_WARN_ENUM_CONVERSION = YES;
				CLANG_WARN_INFINITE_RECURSION = YES;
				CLANG_WARN_INT_CONVERSION = YES;
				CLANG_WARN_NON_LITERAL_NULL_CONVERSION = YES;
				CLANG_WARN_OBJC_IMPLICIT_RETAIN_SELF = YES;
				CLANG_WARN_OBJC_LITERAL_CONVERSION = YES;
				CLANG_WARN_OBJC_ROOT_CLASS = YES_ERROR;
				CLANG_WARN_RANGE_LOOP_ANALYSIS = YES;
				CLANG_WARN_STRICT_PROTOTYPES = YES;
				CLANG_WARN_SUSPICIOUS_MOVE = YES;
				CLANG_WARN_UNGUARDED_AVAILABILITY = YES_AGGRESSIVE;
				CLANG_WARN_UNREACHABLE_CODE = YES;
				CLANG_WARN__DUPLICATE_METHOD_MATCH = YES;
				COPY_PHASE_STRIP = NO;
				DEBUG_INFORMATION_FORMAT = dwarf;
				ENABLE_STRICT_OBJC_MSGSEND = YES;
				ENABLE_TESTABILITY = YES;
				GCC_C_LANGUAGE_STANDARD = gnu11;
				GCC_DYNAMIC_NO_PIC = NO;
				GCC_NO_COMMON_BLOCKS = YES;
				GCC_OPTIMIZATION_LEVEL = 0;
				GCC_PREPROCESSOR_DEFINITIONS = (
					"DEBUG=1",
					"$(inherited)",
				);
				GCC_WARN_64_TO_32_BIT_CONVERSION = YES;
				GCC_WARN_ABOUT_RETURN_TYPE = YES_ERROR;
				GCC_WARN_UNDECLARED_SELECTOR = YES;
				GCC_WARN_UNINITIALIZED_AUTOS = YES_AGGRESSIVE;
				GCC_WARN_UNUSED_FUNCTION = YES;
				GCC_WARN_UNUSED_VARIABLE = YES;
				IPHONEOS_DEPLOYMENT_TARGET = 13.6;
				MTL_ENABLE_DEBUG_INFO = INCLUDE_SOURCE;
				MTL_FAST_MATH = YES;
				ONLY_ACTIVE_ARCH = YES;
				SDKROOT = iphoneos;
				SWIFT_ACTIVE_COMPILATION_CONDITIONS = DEBUG;
				SWIFT_OPTIMIZATION_LEVEL = "-Onone";
			};
			name = Debug;
		};
		22793BB424F81C2C00BEBF8E /* Release */ = {
			isa = XCBuildConfiguration;
			buildSettings = {
				ALWAYS_SEARCH_USER_PATHS = NO;
				CLANG_ANALYZER_NONNULL = YES;
				CLANG_ANALYZER_NUMBER_OBJECT_CONVERSION = YES_AGGRESSIVE;
				CLANG_CXX_LANGUAGE_STANDARD = "gnu++14";
				CLANG_CXX_LIBRARY = "libc++";
				CLANG_ENABLE_MODULES = YES;
				CLANG_ENABLE_OBJC_ARC = YES;
				CLANG_ENABLE_OBJC_WEAK = YES;
				CLANG_WARN_BLOCK_CAPTURE_AUTORELEASING = YES;
				CLANG_WARN_BOOL_CONVERSION = YES;
				CLANG_WARN_COMMA = YES;
				CLANG_WARN_CONSTANT_CONVERSION = YES;
				CLANG_WARN_DEPRECATED_OBJC_IMPLEMENTATIONS = YES;
				CLANG_WARN_DIRECT_OBJC_ISA_USAGE = YES_ERROR;
				CLANG_WARN_DOCUMENTATION_COMMENTS = YES;
				CLANG_WARN_EMPTY_BODY = YES;
				CLANG_WARN_ENUM_CONVERSION = YES;
				CLANG_WARN_INFINITE_RECURSION = YES;
				CLANG_WARN_INT_CONVERSION = YES;
				CLANG_WARN_NON_LITERAL_NULL_CONVERSION = YES;
				CLANG_WARN_OBJC_IMPLICIT_RETAIN_SELF = YES;
				CLANG_WARN_OBJC_LITERAL_CONVERSION = YES;
				CLANG_WARN_OBJC_ROOT_CLASS = YES_ERROR;
				CLANG_WARN_RANGE_LOOP_ANALYSIS = YES;
				CLANG_WARN_STRICT_PROTOTYPES = YES;
				CLANG_WARN_SUSPICIOUS_MOVE = YES;
				CLANG_WARN_UNGUARDED_AVAILABILITY = YES_AGGRESSIVE;
				CLANG_WARN_UNREACHABLE_CODE = YES;
				CLANG_WARN__DUPLICATE_METHOD_MATCH = YES;
				COPY_PHASE_STRIP = NO;
				DEBUG_INFORMATION_FORMAT = "dwarf-with-dsym";
				ENABLE_NS_ASSERTIONS = NO;
				ENABLE_STRICT_OBJC_MSGSEND = YES;
				GCC_C_LANGUAGE_STANDARD = gnu11;
				GCC_NO_COMMON_BLOCKS = YES;
				GCC_WARN_64_TO_32_BIT_CONVERSION = YES;
				GCC_WARN_ABOUT_RETURN_TYPE = YES_ERROR;
				GCC_WARN_UNDECLARED_SELECTOR = YES;
				GCC_WARN_UNINITIALIZED_AUTOS = YES_AGGRESSIVE;
				GCC_WARN_UNUSED_FUNCTION = YES;
				GCC_WARN_UNUSED_VARIABLE = YES;
				IPHONEOS_DEPLOYMENT_TARGET = 13.6;
				MTL_ENABLE_DEBUG_INFO = NO;
				MTL_FAST_MATH = YES;
				SDKROOT = iphoneos;
				SWIFT_COMPILATION_MODE = wholemodule;
				SWIFT_OPTIMIZATION_LEVEL = "-O";
				VALIDATE_PRODUCT = YES;
			};
			name = Release;
		};
		22793BB624F81C2C00BEBF8E /* Debug */ = {
			isa = XCBuildConfiguration;
			buildSettings = {
				ASSETCATALOG_COMPILER_APPICON_NAME = AppIcon;
				CODE_SIGN_STYLE = Automatic;
				DEVELOPMENT_TEAM = 6E66L27LG6;
				INFOPLIST_FILE = "Golden Hour/Info.plist";
				LD_RUNPATH_SEARCH_PATHS = (
					"$(inherited)",
					"@executable_path/Frameworks",
				);
				PRODUCT_BUNDLE_IDENTIFIER = "com.samiparken.Golden-Hour";
				PRODUCT_NAME = "$(TARGET_NAME)";
				SWIFT_VERSION = 5.0;
				TARGETED_DEVICE_FAMILY = 1;
			};
			name = Debug;
		};
		22793BB724F81C2C00BEBF8E /* Release */ = {
			isa = XCBuildConfiguration;
			buildSettings = {
				ASSETCATALOG_COMPILER_APPICON_NAME = AppIcon;
				CODE_SIGN_STYLE = Automatic;
				DEVELOPMENT_TEAM = 6E66L27LG6;
				INFOPLIST_FILE = "Golden Hour/Info.plist";
				LD_RUNPATH_SEARCH_PATHS = (
					"$(inherited)",
					"@executable_path/Frameworks",
				);
				PRODUCT_BUNDLE_IDENTIFIER = "com.samiparken.Golden-Hour";
				PRODUCT_NAME = "$(TARGET_NAME)";
				SWIFT_VERSION = 5.0;
				TARGETED_DEVICE_FAMILY = 1;
			};
			name = Release;
		};
/* End XCBuildConfiguration section */

/* Begin XCConfigurationList section */
		22793B9C24F81C2800BEBF8E /* Build configuration list for PBXProject "Golden Hour" */ = {
			isa = XCConfigurationList;
			buildConfigurations = (
				22793BB324F81C2C00BEBF8E /* Debug */,
				22793BB424F81C2C00BEBF8E /* Release */,
			);
			defaultConfigurationIsVisible = 0;
			defaultConfigurationName = Release;
		};
		22793BB524F81C2C00BEBF8E /* Build configuration list for PBXNativeTarget "Golden Hour" */ = {
			isa = XCConfigurationList;
			buildConfigurations = (
				22793BB624F81C2C00BEBF8E /* Debug */,
				22793BB724F81C2C00BEBF8E /* Release */,
			);
			defaultConfigurationIsVisible = 0;
			defaultConfigurationName = Release;
		};
/* End XCConfigurationList section */
	};
	rootObject = 22793B9924F81C2800BEBF8E /* Project object */;
}
